
Microsoft Visual Studio Solution File, Format Version 12.00
# Visual Studio Version 17
VisualStudioVersion = 17.4.33205.214
MinimumVisualStudioVersion = 10.0.40219.1
Project("{2150E333-8FDC-42A3-9474-1A3956D46DE8}") = "Aplicacion", "Aplicacion", "{5C315218-D149-4C29-9618-004BBA4F9C06}"
EndProject
Project("{2150E333-8FDC-42A3-9474-1A3956D46DE8}") = "Dominio", "Dominio", "{65A784D1-39C5-4A92-8E5D-1E4361AA1D1E}"
EndProject
Project("{2150E333-8FDC-42A3-9474-1A3956D46DE8}") = "Infraestructura", "Infraestructura", "{DBC97586-027E-4CE1-9C99-6BB2D7F267A3}"
EndProject
Project("{2150E333-8FDC-42A3-9474-1A3956D46DE8}") = "Servicio", "Servicio", "{28AA9CB0-A934-4773-A7CB-F4040FB32467}"
EndProject
Project("{2150E333-8FDC-42A3-9474-1A3956D46DE8}") = "Transversal", "Transversal", "{60A54E29-3652-4CF9-B676-89906DC6145F}"
EndProject
Project("{9A19103F-16F7-4668-BE54-9A1E7A4F7556}") = "Group.Ecommerce.Infraestructure.Data", "Group.Ecommerce.Infraestructure.Data\Group.Ecommerce.Infraestructure.Data.csproj", "{3E61B18A-8586-4ACE-B021-67F21D74693F}"
EndProject
Project("{9A19103F-16F7-4668-BE54-9A1E7A4F7556}") = "Group.Ecommerce.Transversal.Common", "Group.Ecommerce.Transversal.Comon\Group.Ecommerce.Transversal.Common.csproj", "{DE2F1EA5-8CB3-4439-8C88-800D40CFEEC7}"
EndProject
Project("{9A19103F-16F7-4668-BE54-9A1E7A4F7556}") = "Group.Ecommerce.Infraestructure.Interface", "Group.Ecommerce.Infraestructure.Interface\Group.Ecommerce.Infraestructure.Interface.csproj", "{D579AD1B-DCAE-4009-AE44-B5EDEF05C26B}"
EndProject
Project("{9A19103F-16F7-4668-BE54-9A1E7A4F7556}") = "Group.Ecommerce.Domain.Entity", "Group.Ecommerce.Domain.Entity\Group.Ecommerce.Domain.Entity.csproj", "{3C526B35-F1BE-4636-9B35-012F9737E237}"
EndProject
Project("{9A19103F-16F7-4668-BE54-9A1E7A4F7556}") = "Group.Ecommerce.Infraestructure.Repository", "Group.Ecommerce.Infraestructure.Repository\Group.Ecommerce.Infraestructure.Repository.csproj", "{B89DB28E-EA39-490B-94AA-46876BC5A2C6}"
EndProject
Project("{9A19103F-16F7-4668-BE54-9A1E7A4F7556}") = "Group.Ecommerce.Domain.Interface", "Group.Ecommerce.Domain.Interface\Group.Ecommerce.Domain.Interface.csproj", "{5D153DA1-B3CF-4A1E-B546-5286E485A30D}"
EndProject
Project("{9A19103F-16F7-4668-BE54-9A1E7A4F7556}") = "Group.Ecommerce.Domain.Core", "Group.Ecommerce.Domain.Core\Group.Ecommerce.Domain.Core.csproj", "{481980D6-86C7-4F5B-A942-3EAF3A7BA952}"
EndProject
Project("{9A19103F-16F7-4668-BE54-9A1E7A4F7556}") = "Group.Ecommerce.Application.DTO", "Group.Ecommerce.Application.DTO\Group.Ecommerce.Application.DTO.csproj", "{6C8207A6-5EF6-478C-8ABF-B2BDB9B9B044}"
EndProject
Project("{9A19103F-16F7-4668-BE54-9A1E7A4F7556}") = "Group.Ecommerce.Transversal.Mapper", "Group.Ecommerce.Transversal.Mapper\Group.Ecommerce.Transversal.Mapper.csproj", "{B845B131-DB0D-435C-BA34-5CA0F4A20D07}"
EndProject
Project("{9A19103F-16F7-4668-BE54-9A1E7A4F7556}") = "Group.Ecommerce.Application.Interface", "Group.Ecommerce.Application.Interface\Group.Ecommerce.Application.Interface.csproj", "{6B8A207B-4C0A-4268-A4F4-D7C22E43DF5A}"
EndProject
Project("{9A19103F-16F7-4668-BE54-9A1E7A4F7556}") = "Group.Ecommerce.Application.Main", "Group.Ecommerce.Application.Main\Group.Ecommerce.Application.Main.csproj", "{5784BDB9-6F86-4A55-B3B2-C0D192EF3A5A}"
EndProject
Project("{FAE04EC0-301F-11D3-BF4B-00C04F79EFBC}") = "Group.Ecommerce.Services.WebApi", "Group.Ecommerce.Services.WebApi\Group.Ecommerce.Services.WebApi.csproj", "{48F25311-D732-4C81-A56B-747F60E50C23}"
EndProject
Global
	GlobalSection(SolutionConfigurationPlatforms) = preSolution
		Debug|Any CPU = Debug|Any CPU
		Release|Any CPU = Release|Any CPU
	EndGlobalSection
	GlobalSection(ProjectConfigurationPlatforms) = postSolution
		{3E61B18A-8586-4ACE-B021-67F21D74693F}.Debug|Any CPU.ActiveCfg = Debug|Any CPU
		{3E61B18A-8586-4ACE-B021-67F21D74693F}.Debug|Any CPU.Build.0 = Debug|Any CPU
		{3E61B18A-8586-4ACE-B021-67F21D74693F}.Release|Any CPU.ActiveCfg = Release|Any CPU
		{3E61B18A-8586-4ACE-B021-67F21D74693F}.Release|Any CPU.Build.0 = Release|Any CPU
		{DE2F1EA5-8CB3-4439-8C88-800D40CFEEC7}.Debug|Any CPU.ActiveCfg = Debug|Any CPU
		{DE2F1EA5-8CB3-4439-8C88-800D40CFEEC7}.Debug|Any CPU.Build.0 = Debug|Any CPU
		{DE2F1EA5-8CB3-4439-8C88-800D40CFEEC7}.Release|Any CPU.ActiveCfg = Release|Any CPU
		{DE2F1EA5-8CB3-4439-8C88-800D40CFEEC7}.Release|Any CPU.Build.0 = Release|Any CPU
		{D579AD1B-DCAE-4009-AE44-B5EDEF05C26B}.Debug|Any CPU.ActiveCfg = Debug|Any CPU
		{D579AD1B-DCAE-4009-AE44-B5EDEF05C26B}.Debug|Any CPU.Build.0 = Debug|Any CPU
		{D579AD1B-DCAE-4009-AE44-B5EDEF05C26B}.Release|Any CPU.ActiveCfg = Release|Any CPU
		{D579AD1B-DCAE-4009-AE44-B5EDEF05C26B}.Release|Any CPU.Build.0 = Release|Any CPU
		{3C526B35-F1BE-4636-9B35-012F9737E237}.Debug|Any CPU.ActiveCfg = Debug|Any CPU
		{3C526B35-F1BE-4636-9B35-012F9737E237}.Debug|Any CPU.Build.0 = Debug|Any CPU
		{3C526B35-F1BE-4636-9B35-012F9737E237}.Release|Any CPU.ActiveCfg = Release|Any CPU
		{3C526B35-F1BE-4636-9B35-012F9737E237}.Release|Any CPU.Build.0 = Release|Any CPU
		{B89DB28E-EA39-490B-94AA-46876BC5A2C6}.Debug|Any CPU.ActiveCfg = Debug|Any CPU
		{B89DB28E-EA39-490B-94AA-46876BC5A2C6}.Debug|Any CPU.Build.0 = Debug|Any CPU
		{B89DB28E-EA39-490B-94AA-46876BC5A2C6}.Release|Any CPU.ActiveCfg = Release|Any CPU
		{B89DB28E-EA39-490B-94AA-46876BC5A2C6}.Release|Any CPU.Build.0 = Release|Any CPU
		{5D153DA1-B3CF-4A1E-B546-5286E485A30D}.Debug|Any CPU.ActiveCfg = Debug|Any CPU
		{5D153DA1-B3CF-4A1E-B546-5286E485A30D}.Debug|Any CPU.Build.0 = Debug|Any CPU
		{5D153DA1-B3CF-4A1E-B546-5286E485A30D}.Release|Any CPU.ActiveCfg = Release|Any CPU
		{5D153DA1-B3CF-4A1E-B546-5286E485A30D}.Release|Any CPU.Build.0 = Release|Any CPU
		{481980D6-86C7-4F5B-A942-3EAF3A7BA952}.Debug|Any CPU.ActiveCfg = Debug|Any CPU
		{481980D6-86C7-4F5B-A942-3EAF3A7BA952}.Debug|Any CPU.Build.0 = Debug|Any CPU
		{481980D6-86C7-4F5B-A942-3EAF3A7BA952}.Release|Any CPU.ActiveCfg = Release|Any CPU
		{481980D6-86C7-4F5B-A942-3EAF3A7BA952}.Release|Any CPU.Build.0 = Release|Any CPU
		{6C8207A6-5EF6-478C-8ABF-B2BDB9B9B044}.Debug|Any CPU.ActiveCfg = Debug|Any CPU
		{6C8207A6-5EF6-478C-8ABF-B2BDB9B9B044}.Debug|Any CPU.Build.0 = Debug|Any CPU
		{6C8207A6-5EF6-478C-8ABF-B2BDB9B9B044}.Release|Any CPU.ActiveCfg = Release|Any CPU
		{6C8207A6-5EF6-478C-8ABF-B2BDB9B9B044}.Release|Any CPU.Build.0 = Release|Any CPU
		{B845B131-DB0D-435C-BA34-5CA0F4A20D07}.Debug|Any CPU.ActiveCfg = Debug|Any CPU
		{B845B131-DB0D-435C-BA34-5CA0F4A20D07}.Debug|Any CPU.Build.0 = Debug|Any CPU
		{B845B131-DB0D-435C-BA34-5CA0F4A20D07}.Release|Any CPU.ActiveCfg = Release|Any CPU
		{B845B131-DB0D-435C-BA34-5CA0F4A20D07}.Release|Any CPU.Build.0 = Release|Any CPU
		{6B8A207B-4C0A-4268-A4F4-D7C22E43DF5A}.Debug|Any CPU.ActiveCfg = Debug|Any CPU
		{6B8A207B-4C0A-4268-A4F4-D7C22E43DF5A}.Debug|Any CPU.Build.0 = Debug|Any CPU
		{6B8A207B-4C0A-4268-A4F4-D7C22E43DF5A}.Release|Any CPU.ActiveCfg = Release|Any CPU
		{6B8A207B-4C0A-4268-A4F4-D7C22E43DF5A}.Release|Any CPU.Build.0 = Release|Any CPU
		{5784BDB9-6F86-4A55-B3B2-C0D192EF3A5A}.Debug|Any CPU.ActiveCfg = Debug|Any CPU
		{5784BDB9-6F86-4A55-B3B2-C0D192EF3A5A}.Debug|Any CPU.Build.0 = Debug|Any CPU
		{5784BDB9-6F86-4A55-B3B2-C0D192EF3A5A}.Release|Any CPU.ActiveCfg = Release|Any CPU
		{5784BDB9-6F86-4A55-B3B2-C0D192EF3A5A}.Release|Any CPU.Build.0 = Release|Any CPU
		{48F25311-D732-4C81-A56B-747F60E50C23}.Debug|Any CPU.ActiveCfg = Debug|Any CPU
		{48F25311-D732-4C81-A56B-747F60E50C23}.Debug|Any CPU.Build.0 = Debug|Any CPU
		{48F25311-D732-4C81-A56B-747F60E50C23}.Release|Any CPU.ActiveCfg = Release|Any CPU
		{48F25311-D732-4C81-A56B-747F60E50C23}.Release|Any CPU.Build.0 = Release|Any CPU
	EndGlobalSection
	GlobalSection(SolutionProperties) = preSolution
		HideSolutionNode = FALSE
	EndGlobalSection
	GlobalSection(NestedProjects) = preSolution
		{3E61B18A-8586-4ACE-B021-67F21D74693F} = {DBC97586-027E-4CE1-9C99-6BB2D7F267A3}
		{DE2F1EA5-8CB3-4439-8C88-800D40CFEEC7} = {60A54E29-3652-4CF9-B676-89906DC6145F}
		{D579AD1B-DCAE-4009-AE44-B5EDEF05C26B} = {DBC97586-027E-4CE1-9C99-6BB2D7F267A3}
		{3C526B35-F1BE-4636-9B35-012F9737E237} = {65A784D1-39C5-4A92-8E5D-1E4361AA1D1E}
		{B89DB28E-EA39-490B-94AA-46876BC5A2C6} = {DBC97586-027E-4CE1-9C99-6BB2D7F267A3}
		{5D153DA1-B3CF-4A1E-B546-5286E485A30D} = {65A784D1-39C5-4A92-8E5D-1E4361AA1D1E}
		{481980D6-86C7-4F5B-A942-3EAF3A7BA952} = {65A784D1-39C5-4A92-8E5D-1E4361AA1D1E}
		{6C8207A6-5EF6-478C-8ABF-B2BDB9B9B044} = {5C315218-D149-4C29-9618-004BBA4F9C06}
		{B845B131-DB0D-435C-BA34-5CA0F4A20D07} = {60A54E29-3652-4CF9-B676-89906DC6145F}
		{6B8A207B-4C0A-4268-A4F4-D7C22E43DF5A} = {5C315218-D149-4C29-9618-004BBA4F9C06}
		{5784BDB9-6F86-4A55-B3B2-C0D192EF3A5A} = {5C315218-D149-4C29-9618-004BBA4F9C06}
		{48F25311-D732-4C81-A56B-747F60E50C23} = {28AA9CB0-A934-4773-A7CB-F4040FB32467}
	EndGlobalSection
	GlobalSection(ExtensibilityGlobals) = postSolution
		SolutionGuid = {4638A401-5F7A-47FB-9A33-60A99E1F50DB}
	EndGlobalSection
EndGlobal
